// !$*UTF8*$!
{
	archiveVersion = 1;
	classes = {
	};
	objectVersion = 50;
	objects = {

/* Begin PBXBuildFile section */
		E805D33F2452F214001F6847 /* SCXPromise+All.h in Headers */ = {isa = PBXBuildFile; fileRef = E805D33D2452F214001F6847 /* SCXPromise+All.h */; };
		E805D3402452F214001F6847 /* SCXPromise+All.m in Sources */ = {isa = PBXBuildFile; fileRef = E805D33E2452F214001F6847 /* SCXPromise+All.m */; };
		E8297C9F2440784900CE2985 /* SCXTestHelper.h in Headers */ = {isa = PBXBuildFile; fileRef = E8297C9D2440784900CE2985 /* SCXTestHelper.h */; };
		E8297CA4244081AF00CE2985 /* SCXPromise+ThenAsync.h in Headers */ = {isa = PBXBuildFile; fileRef = E8297CA2244081AF00CE2985 /* SCXPromise+ThenAsync.h */; settings = {ATTRIBUTES = (Public, ); }; };
		E8297CA5244081AF00CE2985 /* SCXPromise+ThenAsync.m in Sources */ = {isa = PBXBuildFile; fileRef = E8297CA3244081AF00CE2985 /* SCXPromise+ThenAsync.m */; };
		E82E55D124485231000EE03C /* SCXPromise+Catch.h in Headers */ = {isa = PBXBuildFile; fileRef = E82E55CF24485231000EE03C /* SCXPromise+Catch.h */; };
		E82E55D224485231000EE03C /* SCXPromise+Catch.m in Sources */ = {isa = PBXBuildFile; fileRef = E82E55D024485231000EE03C /* SCXPromise+Catch.m */; };
		E84771A8243DD3C100374F2B /* SCXPromiseKit.framework in Frameworks */ = {isa = PBXBuildFile; fileRef = E847719E243DD3C100374F2B /* SCXPromiseKit.framework */; };
		E84771AF243DD3C100374F2B /* SCXPromiseKit.h in Headers */ = {isa = PBXBuildFile; fileRef = E84771A1243DD3C100374F2B /* SCXPromiseKit.h */; settings = {ATTRIBUTES = (Public, ); }; };
		E84771BF243DD6BB00374F2B /* SCXPromise.h in Headers */ = {isa = PBXBuildFile; fileRef = E84771BD243DD6BB00374F2B /* SCXPromise.h */; settings = {ATTRIBUTES = (Public, ); }; };
		E84771C0243DD6BB00374F2B /* SCXPromise.m in Sources */ = {isa = PBXBuildFile; fileRef = E84771BE243DD6BB00374F2B /* SCXPromise.m */; };
		E84C892224485F02008F8888 /* SCXPromiseKitTests.m in Sources */ = {isa = PBXBuildFile; fileRef = E84771AC243DD3C100374F2B /* SCXPromiseKitTests.m */; };
		E84C892324485F03008F8888 /* SCXPromiseThenTest.m in Sources */ = {isa = PBXBuildFile; fileRef = E8774B1924402107009326B2 /* SCXPromiseThenTest.m */; };
		E84C892424485F05008F8888 /* SCXPromiseCatchTest.m in Sources */ = {isa = PBXBuildFile; fileRef = E82E55D52448588F000EE03C /* SCXPromiseCatchTest.m */; };
		E84C892524485FDF008F8888 /* SCXPromiseKit.h in Sources */ = {isa = PBXBuildFile; fileRef = E84771A1243DD3C100374F2B /* SCXPromiseKit.h */; };
		E84C892624485FE0008F8888 /* SCXPromisePrivate.h in Sources */ = {isa = PBXBuildFile; fileRef = E89C54F9243EC9FF009C09FB /* SCXPromisePrivate.h */; };
		E84C892724485FE2008F8888 /* SCXPromise.h in Sources */ = {isa = PBXBuildFile; fileRef = E84771BD243DD6BB00374F2B /* SCXPromise.h */; };
		E84C892824485FE3008F8888 /* SCXPromise.m in Sources */ = {isa = PBXBuildFile; fileRef = E84771BE243DD6BB00374F2B /* SCXPromise.m */; };
		E84C892924485FE4008F8888 /* SCXPromise+ThenSync.h in Sources */ = {isa = PBXBuildFile; fileRef = E8B9D57D24401C70009A52FF /* SCXPromise+ThenSync.h */; };
		E84C892A24485FE5008F8888 /* SCXPromise+ThenSync.m in Sources */ = {isa = PBXBuildFile; fileRef = E8B9D57E24401C70009A52FF /* SCXPromise+ThenSync.m */; };
		E84C892B24485FE6008F8888 /* SCXPromise+ThenAsync.h in Sources */ = {isa = PBXBuildFile; fileRef = E8297CA2244081AF00CE2985 /* SCXPromise+ThenAsync.h */; };
		E84C892C24485FE8008F8888 /* SCXPromise+ThenAsync.m in Sources */ = {isa = PBXBuildFile; fileRef = E8297CA3244081AF00CE2985 /* SCXPromise+ThenAsync.m */; };
		E84C892D24485FE9008F8888 /* SCXPromise+Catch.h in Sources */ = {isa = PBXBuildFile; fileRef = E82E55CF24485231000EE03C /* SCXPromise+Catch.h */; };
		E84C892E24485FEA008F8888 /* SCXPromise+Catch.m in Sources */ = {isa = PBXBuildFile; fileRef = E82E55D024485231000EE03C /* SCXPromise+Catch.m */; };
		E84C892F24485FEB008F8888 /* SCXPromise+Async.h in Sources */ = {isa = PBXBuildFile; fileRef = E8774B1B2440221E009326B2 /* SCXPromise+Async.h */; };
		E84C893024485FEC008F8888 /* SCXPromise+Async.m in Sources */ = {isa = PBXBuildFile; fileRef = E8774B1C2440221E009326B2 /* SCXPromise+Async.m */; };
		E84C893124485FED008F8888 /* SCXTestHelper.h in Sources */ = {isa = PBXBuildFile; fileRef = E8297C9D2440784900CE2985 /* SCXTestHelper.h */; };
		E8774B1D2440221E009326B2 /* SCXPromise+Async.h in Headers */ = {isa = PBXBuildFile; fileRef = E8774B1B2440221E009326B2 /* SCXPromise+Async.h */; settings = {ATTRIBUTES = (Public, ); }; };
		E8774B1E2440221E009326B2 /* SCXPromise+Async.m in Sources */ = {isa = PBXBuildFile; fileRef = E8774B1C2440221E009326B2 /* SCXPromise+Async.m */; };
		E89C54FB243EC9FF009C09FB /* SCXPromisePrivate.h in Headers */ = {isa = PBXBuildFile; fileRef = E89C54F9243EC9FF009C09FB /* SCXPromisePrivate.h */; settings = {ATTRIBUTES = (Public, ); }; };
		E8B9D57F24401C70009A52FF /* SCXPromise+ThenSync.h in Headers */ = {isa = PBXBuildFile; fileRef = E8B9D57D24401C70009A52FF /* SCXPromise+ThenSync.h */; settings = {ATTRIBUTES = (Public, ); }; };
		E8B9D58024401C70009A52FF /* SCXPromise+ThenSync.m in Sources */ = {isa = PBXBuildFile; fileRef = E8B9D57E24401C70009A52FF /* SCXPromise+ThenSync.m */; };
/* End PBXBuildFile section */

/* Begin PBXContainerItemProxy section */
		E84771A9243DD3C100374F2B /* PBXContainerItemProxy */ = {
			isa = PBXContainerItemProxy;
			containerPortal = E8477195243DD3C100374F2B /* Project object */;
			proxyType = 1;
			remoteGlobalIDString = E847719D243DD3C100374F2B;
			remoteInfo = SCXPromiseKit;
		};
/* End PBXContainerItemProxy section */

/* Begin PBXFileReference section */
		E805D33D2452F214001F6847 /* SCXPromise+All.h */ = {isa = PBXFileReference; lastKnownFileType = sourcecode.c.h; path = "SCXPromise+All.h"; sourceTree = "<group>"; };
		E805D33E2452F214001F6847 /* SCXPromise+All.m */ = {isa = PBXFileReference; lastKnownFileType = sourcecode.c.objc; path = "SCXPromise+All.m"; sourceTree = "<group>"; };
		E8297C9D2440784900CE2985 /* SCXTestHelper.h */ = {isa = PBXFileReference; lastKnownFileType = sourcecode.c.h; path = SCXTestHelper.h; sourceTree = "<group>"; };
		E8297CA2244081AF00CE2985 /* SCXPromise+ThenAsync.h */ = {isa = PBXFileReference; lastKnownFileType = sourcecode.c.h; path = "SCXPromise+ThenAsync.h"; sourceTree = "<group>"; };
		E8297CA3244081AF00CE2985 /* SCXPromise+ThenAsync.m */ = {isa = PBXFileReference; lastKnownFileType = sourcecode.c.objc; path = "SCXPromise+ThenAsync.m"; sourceTree = "<group>"; };
		E82E55CF24485231000EE03C /* SCXPromise+Catch.h */ = {isa = PBXFileReference; lastKnownFileType = sourcecode.c.h; path = "SCXPromise+Catch.h"; sourceTree = "<group>"; };
		E82E55D024485231000EE03C /* SCXPromise+Catch.m */ = {isa = PBXFileReference; lastKnownFileType = sourcecode.c.objc; path = "SCXPromise+Catch.m"; sourceTree = "<group>"; };
		E82E55D52448588F000EE03C /* SCXPromiseCatchTest.m */ = {isa = PBXFileReference; lastKnownFileType = sourcecode.c.objc; path = SCXPromiseCatchTest.m; sourceTree = "<group>"; };
		E847719E243DD3C100374F2B /* SCXPromiseKit.framework */ = {isa = PBXFileReference; explicitFileType = wrapper.framework; includeInIndex = 0; path = SCXPromiseKit.framework; sourceTree = BUILT_PRODUCTS_DIR; };
		E84771A1243DD3C100374F2B /* SCXPromiseKit.h */ = {isa = PBXFileReference; lastKnownFileType = sourcecode.c.h; path = SCXPromiseKit.h; sourceTree = "<group>"; };
		E84771A2243DD3C100374F2B /* Info.plist */ = {isa = PBXFileReference; lastKnownFileType = text.plist.xml; path = Info.plist; sourceTree = "<group>"; };
		E84771A7243DD3C100374F2B /* SCXPromiseKitTests.xctest */ = {isa = PBXFileReference; explicitFileType = wrapper.cfbundle; includeInIndex = 0; path = SCXPromiseKitTests.xctest; sourceTree = BUILT_PRODUCTS_DIR; };
		E84771AC243DD3C100374F2B /* SCXPromiseKitTests.m */ = {isa = PBXFileReference; lastKnownFileType = sourcecode.c.objc; path = SCXPromiseKitTests.m; sourceTree = "<group>"; };
		E84771AE243DD3C100374F2B /* Info.plist */ = {isa = PBXFileReference; lastKnownFileType = text.plist.xml; path = Info.plist; sourceTree = "<group>"; };
		E84771BD243DD6BB00374F2B /* SCXPromise.h */ = {isa = PBXFileReference; lastKnownFileType = sourcecode.c.h; path = SCXPromise.h; sourceTree = "<group>"; };
		E84771BE243DD6BB00374F2B /* SCXPromise.m */ = {isa = PBXFileReference; lastKnownFileType = sourcecode.c.objc; path = SCXPromise.m; sourceTree = "<group>"; };
		E8774B1924402107009326B2 /* SCXPromiseThenTest.m */ = {isa = PBXFileReference; lastKnownFileType = sourcecode.c.objc; path = SCXPromiseThenTest.m; sourceTree = "<group>"; };
		E8774B1B2440221E009326B2 /* SCXPromise+Async.h */ = {isa = PBXFileReference; lastKnownFileType = sourcecode.c.h; path = "SCXPromise+Async.h"; sourceTree = "<group>"; };
		E8774B1C2440221E009326B2 /* SCXPromise+Async.m */ = {isa = PBXFileReference; lastKnownFileType = sourcecode.c.objc; path = "SCXPromise+Async.m"; sourceTree = "<group>"; };
		E89C54F9243EC9FF009C09FB /* SCXPromisePrivate.h */ = {isa = PBXFileReference; lastKnownFileType = sourcecode.c.h; path = SCXPromisePrivate.h; sourceTree = "<group>"; };
		E8B9D57D24401C70009A52FF /* SCXPromise+ThenSync.h */ = {isa = PBXFileReference; lastKnownFileType = sourcecode.c.h; path = "SCXPromise+ThenSync.h"; sourceTree = "<group>"; };
		E8B9D57E24401C70009A52FF /* SCXPromise+ThenSync.m */ = {isa = PBXFileReference; lastKnownFileType = sourcecode.c.objc; path = "SCXPromise+ThenSync.m"; sourceTree = "<group>"; };
/* End PBXFileReference section */

/* Begin PBXFrameworksBuildPhase section */
		E847719B243DD3C100374F2B /* Frameworks */ = {
			isa = PBXFrameworksBuildPhase;
			buildActionMask = 2147483647;
			files = (
			);
			runOnlyForDeploymentPostprocessing = 0;
		};
		E84771A4243DD3C100374F2B /* Frameworks */ = {
			isa = PBXFrameworksBuildPhase;
			buildActionMask = 2147483647;
			files = (
				E84771A8243DD3C100374F2B /* SCXPromiseKit.framework in Frameworks */,
			);
			runOnlyForDeploymentPostprocessing = 0;
		};
/* End PBXFrameworksBuildPhase section */

/* Begin PBXGroup section */
		E8477194243DD3C100374F2B = {
			isa = PBXGroup;
			children = (
				E84771A0243DD3C100374F2B /* SCXPromiseKit */,
				E84771AB243DD3C100374F2B /* SCXPromiseKitTests */,
				E847719F243DD3C100374F2B /* Products */,
			);
			sourceTree = "<group>";
		};
		E847719F243DD3C100374F2B /* Products */ = {
			isa = PBXGroup;
			children = (
				E847719E243DD3C100374F2B /* SCXPromiseKit.framework */,
				E84771A7243DD3C100374F2B /* SCXPromiseKitTests.xctest */,
			);
			name = Products;
			sourceTree = "<group>";
		};
		E84771A0243DD3C100374F2B /* SCXPromiseKit */ = {
			isa = PBXGroup;
			children = (
				E84771A1243DD3C100374F2B /* SCXPromiseKit.h */,
				E89C54F9243EC9FF009C09FB /* SCXPromisePrivate.h */,
				E84771BD243DD6BB00374F2B /* SCXPromise.h */,
				E84771BE243DD6BB00374F2B /* SCXPromise.m */,
				E8B9D57D24401C70009A52FF /* SCXPromise+ThenSync.h */,
				E8B9D57E24401C70009A52FF /* SCXPromise+ThenSync.m */,
				E8297CA2244081AF00CE2985 /* SCXPromise+ThenAsync.h */,
				E8297CA3244081AF00CE2985 /* SCXPromise+ThenAsync.m */,
				E82E55CF24485231000EE03C /* SCXPromise+Catch.h */,
				E82E55D024485231000EE03C /* SCXPromise+Catch.m */,
				E8774B1B2440221E009326B2 /* SCXPromise+Async.h */,
				E8774B1C2440221E009326B2 /* SCXPromise+Async.m */,
				E805D33D2452F214001F6847 /* SCXPromise+All.h */,
				E805D33E2452F214001F6847 /* SCXPromise+All.m */,
				E8297C9D2440784900CE2985 /* SCXTestHelper.h */,
				E84771A2243DD3C100374F2B /* Info.plist */,
			);
			path = SCXPromiseKit;
			sourceTree = "<group>";
		};
		E84771AB243DD3C100374F2B /* SCXPromiseKitTests */ = {
			isa = PBXGroup;
			children = (
				E84771AC243DD3C100374F2B /* SCXPromiseKitTests.m */,
				E8774B1924402107009326B2 /* SCXPromiseThenTest.m */,
				E82E55D52448588F000EE03C /* SCXPromiseCatchTest.m */,
				E84771AE243DD3C100374F2B /* Info.plist */,
			);
			path = SCXPromiseKitTests;
			sourceTree = "<group>";
		};
/* End PBXGroup section */

/* Begin PBXHeadersBuildPhase section */
		E8477199243DD3C100374F2B /* Headers */ = {
			isa = PBXHeadersBuildPhase;
			buildActionMask = 2147483647;
			files = (
				E84771AF243DD3C100374F2B /* SCXPromiseKit.h in Headers */,
				E84771BF243DD6BB00374F2B /* SCXPromise.h in Headers */,
				E805D33F2452F214001F6847 /* SCXPromise+All.h in Headers */,
				E8297CA4244081AF00CE2985 /* SCXPromise+ThenAsync.h in Headers */,
				E82E55D124485231000EE03C /* SCXPromise+Catch.h in Headers */,
				E8774B1D2440221E009326B2 /* SCXPromise+Async.h in Headers */,
				E8297C9F2440784900CE2985 /* SCXTestHelper.h in Headers */,
				E89C54FB243EC9FF009C09FB /* SCXPromisePrivate.h in Headers */,
				E8B9D57F24401C70009A52FF /* SCXPromise+ThenSync.h in Headers */,
			);
			runOnlyForDeploymentPostprocessing = 0;
		};
/* End PBXHeadersBuildPhase section */

/* Begin PBXNativeTarget section */
		E847719D243DD3C100374F2B /* SCXPromiseKit */ = {
			isa = PBXNativeTarget;
			buildConfigurationList = E84771B2243DD3C100374F2B /* Build configuration list for PBXNativeTarget "SCXPromiseKit" */;
			buildPhases = (
				E8477199243DD3C100374F2B /* Headers */,
				E847719A243DD3C100374F2B /* Sources */,
				E847719B243DD3C100374F2B /* Frameworks */,
				E847719C243DD3C100374F2B /* Resources */,
			);
			buildRules = (
			);
			dependencies = (
			);
			name = SCXPromiseKit;
			productName = SCXPromiseKit;
			productReference = E847719E243DD3C100374F2B /* SCXPromiseKit.framework */;
			productType = "com.apple.product-type.framework";
		};
		E84771A6243DD3C100374F2B /* SCXPromiseKitTests */ = {
			isa = PBXNativeTarget;
			buildConfigurationList = E84771B5243DD3C100374F2B /* Build configuration list for PBXNativeTarget "SCXPromiseKitTests" */;
			buildPhases = (
				E84771A3243DD3C100374F2B /* Sources */,
				E84771A4243DD3C100374F2B /* Frameworks */,
				E84771A5243DD3C100374F2B /* Resources */,
			);
			buildRules = (
			);
			dependencies = (
				E84771AA243DD3C100374F2B /* PBXTargetDependency */,
			);
			name = SCXPromiseKitTests;
			productName = SCXPromiseKitTests;
			productReference = E84771A7243DD3C100374F2B /* SCXPromiseKitTests.xctest */;
			productType = "com.apple.product-type.bundle.unit-test";
		};
/* End PBXNativeTarget section */

/* Begin PBXProject section */
		E8477195243DD3C100374F2B /* Project object */ = {
			isa = PBXProject;
			attributes = {
				LastUpgradeCheck = 1130;
				ORGANIZATIONNAME = RongCloud;
				TargetAttributes = {
					E847719D243DD3C100374F2B = {
						CreatedOnToolsVersion = 11.3;
					};
					E84771A6243DD3C100374F2B = {
						CreatedOnToolsVersion = 11.3;
					};
				};
			};
			buildConfigurationList = E8477198243DD3C100374F2B /* Build configuration list for PBXProject "SCXPromiseKit" */;
			compatibilityVersion = "Xcode 9.3";
			developmentRegion = en;
			hasScannedForEncodings = 0;
			knownRegions = (
				en,
				Base,
			);
			mainGroup = E8477194243DD3C100374F2B;
			productRefGroup = E847719F243DD3C100374F2B /* Products */;
			projectDirPath = "";
			projectRoot = "";
			targets = (
				E847719D243DD3C100374F2B /* SCXPromiseKit */,
				E84771A6243DD3C100374F2B /* SCXPromiseKitTests */,
			);
		};
/* End PBXProject section */

/* Begin PBXResourcesBuildPhase section */
		E847719C243DD3C100374F2B /* Resources */ = {
			isa = PBXResourcesBuildPhase;
			buildActionMask = 2147483647;
			files = (
			);
			runOnlyForDeploymentPostprocessing = 0;
		};
		E84771A5243DD3C100374F2B /* Resources */ = {
			isa = PBXResourcesBuildPhase;
			buildActionMask = 2147483647;
			files = (
			);
			runOnlyForDeploymentPostprocessing = 0;
		};
/* End PBXResourcesBuildPhase section */

/* Begin PBXSourcesBuildPhase section */
		E847719A243DD3C100374F2B /* Sources */ = {
			isa = PBXSourcesBuildPhase;
			buildActionMask = 2147483647;
			files = (
				E805D3402452F214001F6847 /* SCXPromise+All.m in Sources */,
				E84771C0243DD6BB00374F2B /* SCXPromise.m in Sources */,
				E8774B1E2440221E009326B2 /* SCXPromise+Async.m in Sources */,
				E8297CA5244081AF00CE2985 /* SCXPromise+ThenAsync.m in Sources */,
				E82E55D224485231000EE03C /* SCXPromise+Catch.m in Sources */,
				E8B9D58024401C70009A52FF /* SCXPromise+ThenSync.m in Sources */,
			);
			runOnlyForDeploymentPostprocessing = 0;
		};
		E84771A3243DD3C100374F2B /* Sources */ = {
			isa = PBXSourcesBuildPhase;
			buildActionMask = 2147483647;
			files = (
				E84C892224485F02008F8888 /* SCXPromiseKitTests.m in Sources */,
				E84C892724485FE2008F8888 /* SCXPromise.h in Sources */,
				E84C892524485FDF008F8888 /* SCXPromiseKit.h in Sources */,
				E84C892B24485FE6008F8888 /* SCXPromise+ThenAsync.h in Sources */,
				E84C892D24485FE9008F8888 /* SCXPromise+Catch.h in Sources */,
				E84C892F24485FEB008F8888 /* SCXPromise+Async.h in Sources */,
				E84C893124485FED008F8888 /* SCXTestHelper.h in Sources */,
				E84C892E24485FEA008F8888 /* SCXPromise+Catch.m in Sources */,
				E84C892924485FE4008F8888 /* SCXPromise+ThenSync.h in Sources */,
				E84C893024485FEC008F8888 /* SCXPromise+Async.m in Sources */,
				E84C892C24485FE8008F8888 /* SCXPromise+ThenAsync.m in Sources */,
				E84C892A24485FE5008F8888 /* SCXPromise+ThenSync.m in Sources */,
				E84C892624485FE0008F8888 /* SCXPromisePrivate.h in Sources */,
				E84C892824485FE3008F8888 /* SCXPromise.m in Sources */,
				E84C892324485F03008F8888 /* SCXPromiseThenTest.m in Sources */,
				E84C892424485F05008F8888 /* SCXPromiseCatchTest.m in Sources */,
			);
			runOnlyForDeploymentPostprocessing = 0;
		};
/* End PBXSourcesBuildPhase section */

/* Begin PBXTargetDependency section */
		E84771AA243DD3C100374F2B /* PBXTargetDependency */ = {
			isa = PBXTargetDependency;
			target = E847719D243DD3C100374F2B /* SCXPromiseKit */;
			targetProxy = E84771A9243DD3C100374F2B /* PBXContainerItemProxy */;
		};
/* End PBXTargetDependency section */

/* Begin XCBuildConfiguration section */
		E84771B0243DD3C100374F2B /* Debug */ = {
			isa = XCBuildConfiguration;
			buildSettings = {
				ALWAYS_SEARCH_USER_PATHS = NO;
				CLANG_ANALYZER_NONNULL = YES;
				CLANG_ANALYZER_NUMBER_OBJECT_CONVERSION = YES_AGGRESSIVE;
				CLANG_CXX_LANGUAGE_STANDARD = "gnu++14";
				CLANG_CXX_LIBRARY = "libc++";
				CLANG_ENABLE_MODULES = YES;
				CLANG_ENABLE_OBJC_ARC = YES;
				CLANG_ENABLE_OBJC_WEAK = YES;
				CLANG_WARN_BLOCK_CAPTURE_AUTORELEASING = YES;
				CLANG_WARN_BOOL_CONVERSION = YES;
				CLANG_WARN_COMMA = YES;
				CLANG_WARN_CONSTANT_CONVERSION = YES;
				CLANG_WARN_DEPRECATED_OBJC_IMPLEMENTATIONS = YES;
				CLANG_WARN_DIRECT_OBJC_ISA_USAGE = YES_ERROR;
				CLANG_WARN_DOCUMENTATION_COMMENTS = YES;
				CLANG_WARN_EMPTY_BODY = YES;
				CLANG_WARN_ENUM_CONVERSION = YES;
				CLANG_WARN_INFINITE_RECURSION = YES;
				CLANG_WARN_INT_CONVERSION = YES;
				CLANG_WARN_NON_LITERAL_NULL_CONVERSION = YES;
				CLANG_WARN_OBJC_IMPLICIT_RETAIN_SELF = YES;
				CLANG_WARN_OBJC_LITERAL_CONVERSION = YES;
				CLANG_WARN_OBJC_ROOT_CLASS = YES_ERROR;
				CLANG_WARN_RANGE_LOOP_ANALYSIS = YES;
				CLANG_WARN_STRICT_PROTOTYPES = YES;
				CLANG_WARN_SUSPICIOUS_MOVE = YES;
				CLANG_WARN_UNGUARDED_AVAILABILITY = YES_AGGRESSIVE;
				CLANG_WARN_UNREACHABLE_CODE = YES;
				CLANG_WARN__DUPLICATE_METHOD_MATCH = YES;
				COPY_PHASE_STRIP = NO;
				CURRENT_PROJECT_VERSION = 1;
				DEBUG_INFORMATION_FORMAT = dwarf;
				ENABLE_STRICT_OBJC_MSGSEND = YES;
				ENABLE_TESTABILITY = YES;
				GCC_C_LANGUAGE_STANDARD = gnu11;
				GCC_DYNAMIC_NO_PIC = NO;
				GCC_NO_COMMON_BLOCKS = YES;
				GCC_OPTIMIZATION_LEVEL = 0;
				GCC_PREPROCESSOR_DEFINITIONS = (
					"DEBUG=1",
					"$(inherited)",
				);
				GCC_WARN_64_TO_32_BIT_CONVERSION = YES;
				GCC_WARN_ABOUT_RETURN_TYPE = YES_ERROR;
				GCC_WARN_UNDECLARED_SELECTOR = YES;
				GCC_WARN_UNINITIALIZED_AUTOS = YES_AGGRESSIVE;
				GCC_WARN_UNUSED_FUNCTION = YES;
				GCC_WARN_UNUSED_VARIABLE = YES;
				IPHONEOS_DEPLOYMENT_TARGET = 13.2;
				MTL_ENABLE_DEBUG_INFO = INCLUDE_SOURCE;
				MTL_FAST_MATH = YES;
				ONLY_ACTIVE_ARCH = YES;
				SDKROOT = iphoneos;
				VERSIONING_SYSTEM = "apple-generic";
				VERSION_INFO_PREFIX = "";
			};
			name = Debug;
		};
		E84771B1243DD3C100374F2B /* Release */ = {
			isa = XCBuildConfiguration;
			buildSettings = {
				ALWAYS_SEARCH_USER_PATHS = NO;
				CLANG_ANALYZER_NONNULL = YES;
				CLANG_ANALYZER_NUMBER_OBJECT_CONVERSION = YES_AGGRESSIVE;
				CLANG_CXX_LANGUAGE_STANDARD = "gnu++14";
				CLANG_CXX_LIBRARY = "libc++";
				CLANG_ENABLE_MODULES = YES;
				CLANG_ENABLE_OBJC_ARC = YES;
				CLANG_ENABLE_OBJC_WEAK = YES;
				CLANG_WARN_BLOCK_CAPTURE_AUTORELEASING = YES;
				CLANG_WARN_BOOL_CONVERSION = YES;
				CLANG_WARN_COMMA = YES;
				CLANG_WARN_CONSTANT_CONVERSION = YES;
				CLANG_WARN_DEPRECATED_OBJC_IMPLEMENTATIONS = YES;
				CLANG_WARN_DIRECT_OBJC_ISA_USAGE = YES_ERROR;
				CLANG_WARN_DOCUMENTATION_COMMENTS = YES;
				CLANG_WARN_EMPTY_BODY = YES;
				CLANG_WARN_ENUM_CONVERSION = YES;
				CLANG_WARN_INFINITE_RECURSION = YES;
				CLANG_WARN_INT_CONVERSION = YES;
				CLANG_WARN_NON_LITERAL_NULL_CONVERSION = YES;
				CLANG_WARN_OBJC_IMPLICIT_RETAIN_SELF = YES;
				CLANG_WARN_OBJC_LITERAL_CONVERSION = YES;
				CLANG_WARN_OBJC_ROOT_CLASS = YES_ERROR;
				CLANG_WARN_RANGE_LOOP_ANALYSIS = YES;
				CLANG_WARN_STRICT_PROTOTYPES = YES;
				CLANG_WARN_SUSPICIOUS_MOVE = YES;
				CLANG_WARN_UNGUARDED_AVAILABILITY = YES_AGGRESSIVE;
				CLANG_WARN_UNREACHABLE_CODE = YES;
				CLANG_WARN__DUPLICATE_METHOD_MATCH = YES;
				COPY_PHASE_STRIP = NO;
				CURRENT_PROJECT_VERSION = 1;
				DEBUG_INFORMATION_FORMAT = "dwarf-with-dsym";
				ENABLE_NS_ASSERTIONS = NO;
				ENABLE_STRICT_OBJC_MSGSEND = YES;
				GCC_C_LANGUAGE_STANDARD = gnu11;
				GCC_NO_COMMON_BLOCKS = YES;
				GCC_WARN_64_TO_32_BIT_CONVERSION = YES;
				GCC_WARN_ABOUT_RETURN_TYPE = YES_ERROR;
				GCC_WARN_UNDECLARED_SELECTOR = YES;
				GCC_WARN_UNINITIALIZED_AUTOS = YES_AGGRESSIVE;
				GCC_WARN_UNUSED_FUNCTION = YES;
				GCC_WARN_UNUSED_VARIABLE = YES;
				IPHONEOS_DEPLOYMENT_TARGET = 13.2;
				MTL_ENABLE_DEBUG_INFO = NO;
				MTL_FAST_MATH = YES;
				SDKROOT = iphoneos;
				VALIDATE_PRODUCT = YES;
				VERSIONING_SYSTEM = "apple-generic";
				VERSION_INFO_PREFIX = "";
			};
			name = Release;
		};
		E84771B3243DD3C100374F2B /* Debug */ = {
			isa = XCBuildConfiguration;
			buildSettings = {
				CODE_SIGN_STYLE = Automatic;
				DEFINES_MODULE = YES;
				DEVELOPMENT_TEAM = 9CVMN4UZK4;
				DYLIB_COMPATIBILITY_VERSION = 1;
				DYLIB_CURRENT_VERSION = 1;
				DYLIB_INSTALL_NAME_BASE = "@rpath";
				INFOPLIST_FILE = SCXPromiseKit/Info.plist;
				INSTALL_PATH = "$(LOCAL_LIBRARY_DIR)/Frameworks";
				LD_RUNPATH_SEARCH_PATHS = (
					"$(inherited)",
					"@executable_path/Frameworks",
					"@loader_path/Frameworks",
				);
				PRODUCT_BUNDLE_IDENTIFIER = RongCloud.SCXPromiseKit;
				PRODUCT_NAME = "$(TARGET_NAME:c99extidentifier)";
				SKIP_INSTALL = YES;
				TARGETED_DEVICE_FAMILY = "1,2";
			};
			name = Debug;
		};
		E84771B4243DD3C100374F2B /* Release */ = {
			isa = XCBuildConfiguration;
			buildSettings = {
				CODE_SIGN_STYLE = Automatic;
				DEFINES_MODULE = YES;
				DEVELOPMENT_TEAM = 9CVMN4UZK4;
				DYLIB_COMPATIBILITY_VERSION = 1;
				DYLIB_CURRENT_VERSION = 1;
				DYLIB_INSTALL_NAME_BASE = "@rpath";
				INFOPLIST_FILE = SCXPromiseKit/Info.plist;
				INSTALL_PATH = "$(LOCAL_LIBRARY_DIR)/Frameworks";
				LD_RUNPATH_SEARCH_PATHS = (
					"$(inherited)",
					"@executable_path/Frameworks",
					"@loader_path/Frameworks",
				);
				PRODUCT_BUNDLE_IDENTIFIER = RongCloud.SCXPromiseKit;
				PRODUCT_NAME = "$(TARGET_NAME:c99extidentifier)";
				SKIP_INSTALL = YES;
				TARGETED_DEVICE_FAMILY = "1,2";
			};
			name = Release;
		};
		E84771B6243DD3C100374F2B /* Debug */ = {
			isa = XCBuildConfiguration;
			buildSettings = {
				CODE_SIGN_STYLE = Automatic;
				DEVELOPMENT_TEAM = 9CVMN4UZK4;
				INFOPLIST_FILE = SCXPromiseKitTests/Info.plist;
				LD_RUNPATH_SEARCH_PATHS = (
					"$(inherited)",
					"@executable_path/Frameworks",
					"@loader_path/Frameworks",
				);
				PRODUCT_BUNDLE_IDENTIFIER = RongCloud.SCXPromiseKitTests;
				PRODUCT_NAME = "$(TARGET_NAME)";
				TARGETED_DEVICE_FAMILY = "1,2";
			};
			name = Debug;
		};
		E84771B7243DD3C100374F2B /* Release */ = {
			isa = XCBuildConfiguration;
			buildSettings = {
				CODE_SIGN_STYLE = Automatic;
				DEVELOPMENT_TEAM = 9CVMN4UZK4;
				INFOPLIST_FILE = SCXPromiseKitTests/Info.plist;
				LD_RUNPATH_SEARCH_PATHS = (
					"$(inherited)",
					"@executable_path/Frameworks",
					"@loader_path/Frameworks",
				);
				PRODUCT_BUNDLE_IDENTIFIER = RongCloud.SCXPromiseKitTests;
				PRODUCT_NAME = "$(TARGET_NAME)";
				TARGETED_DEVICE_FAMILY = "1,2";
			};
			name = Release;
		};
/* End XCBuildConfiguration section */

/* Begin XCConfigurationList section */
		E8477198243DD3C100374F2B /* Build configuration list for PBXProject "SCXPromiseKit" */ = {
			isa = XCConfigurationList;
			buildConfigurations = (
				E84771B0243DD3C100374F2B /* Debug */,
				E84771B1243DD3C100374F2B /* Release */,
			);
			defaultConfigurationIsVisible = 0;
			defaultConfigurationName = Release;
		};
		E84771B2243DD3C100374F2B /* Build configuration list for PBXNativeTarget "SCXPromiseKit" */ = {
			isa = XCConfigurationList;
			buildConfigurations = (
				E84771B3243DD3C100374F2B /* Debug */,
				E84771B4243DD3C100374F2B /* Release */,
			);
			defaultConfigurationIsVisible = 0;
			defaultConfigurationName = Release;
		};
		E84771B5243DD3C100374F2B /* Build configuration list for PBXNativeTarget "SCXPromiseKitTests" */ = {
			isa = XCConfigurationList;
			buildConfigurations = (
				E84771B6243DD3C100374F2B /* Debug */,
				E84771B7243DD3C100374F2B /* Release */,
			);
			defaultConfigurationIsVisible = 0;
			defaultConfigurationName = Release;
		};
/* End XCConfigurationList section */
	};
	rootObject = E8477195243DD3C100374F2B /* Project object */;
}
